
Microsoft Visual Studio Solution File, Format Version 12.00
# Visual Studio 2013
VisualStudioVersion = 12.0.30110.0
MinimumVisualStudioVersion = 10.0.40219.1
Project("{2150E333-8FDC-42A3-9474-1A3956D46DE8}") = ".build", ".build", "{49AF6229-1875-4327-AA81-8A344D97926B}"
	ProjectSection(SolutionItems) = preProject
		scripts\build.cmd = scripts\build.cmd
		scripts\build.ps1 = scripts\build.ps1
		scripts\DotNetDoodle.Identity.MongoDB.msbuild = scripts\DotNetDoodle.Identity.MongoDB.msbuild
		scripts\DotNetDoodle.Identity.MongoDB.properties = scripts\DotNetDoodle.Identity.MongoDB.properties
		scripts\DotNetDoodle.Identity.MongoDB.xunit.targets = scripts\DotNetDoodle.Identity.MongoDB.xunit.targets
		scripts\publish.ps1 = scripts\publish.ps1
	EndProjectSection
EndProject
Project("{FAE04EC0-301F-11D3-BF4B-00C04F79EFBC}") = "DotNetDoodle.Identity.MongoDB", "src\DotNetDoodle.Identity.MongoDB\DotNetDoodle.Identity.MongoDB.csproj", "{DFBBE4D5-EB25-472E-AE87-D319F78D0E49}"
EndProject
Global
	GlobalSection(SolutionConfigurationPlatforms) = preSolution
		Debug|Any CPU = Debug|Any CPU
		Release|Any CPU = Release|Any CPU
	EndGlobalSection
	GlobalSection(ProjectConfigurationPlatforms) = postSolution
		{DFBBE4D5-EB25-472E-AE87-D319F78D0E49}.Debug|Any CPU.ActiveCfg = Debug|Any CPU
		{DFBBE4D5-EB25-472E-AE87-D319F78D0E49}.Debug|Any CPU.Build.0 = Debug|Any CPU
		{DFBBE4D5-EB25-472E-AE87-D319F78D0E49}.Release|Any CPU.ActiveCfg = Release|Any CPU
		{DFBBE4D5-EB25-472E-AE87-D319F78D0E49}.Release|Any CPU.Build.0 = Release|Any CPU
	EndGlobalSection
	GlobalSection(SolutionProperties) = preSolution
		HideSolutionNode = FALSE
	EndGlobalSection
EndGlobal
